
Microsoft Visual Studio Solution File, Format Version 12.00
# Visual Studio Version 17
VisualStudioVersion = 17.10.35027.167
MinimumVisualStudioVersion = 10.0.40219.1
Project("{FAE04EC0-301F-11D3-BF4B-00C04F79EFBC}") = "Shiny Push Test", "Shiny Push Test\Shiny Push Test.csproj", "{C8CCF9BD-6C70-4142-805C-638B274E75BF}"
EndProject
Global
	GlobalSection(SolutionConfigurationPlatforms) = preSolution
		Debug|Any CPU = Debug|Any CPU
		Release|Any CPU = Release|Any CPU
	EndGlobalSection
	GlobalSection(ProjectConfigurationPlatforms) = postSolution
		{C8CCF9BD-6C70-4142-805C-638B274E75BF}.Debug|Any CPU.ActiveCfg = Debug|Any CPU
		{C8CCF9BD-6C70-4142-805C-638B274E75BF}.Debug|Any CPU.Build.0 = Debug|Any CPU
		{C8CCF9BD-6C70-4142-805C-638B274E75BF}.Release|Any CPU.ActiveCfg = Release|Any CPU
		{C8CCF9BD-6C70-4142-805C-638B274E75BF}.Release|Any CPU.Build.0 = Release|Any CPU
	EndGlobalSection
	GlobalSection(SolutionProperties) = preSolution
		HideSolutionNode = FALSE
	EndGlobalSection
	GlobalSection(ExtensibilityGlobals) = postSolution
		SolutionGuid = {3C59CA0B-56E0-48E8-9630-8EAC65C5A25B}
	EndGlobalSection
EndGlobal
